background_color: "#FFFFFF00"
hour_mark_color: "black"
minute_mark_color: "black"
second_hand_color: "red"
hour_hand_color: "black"
minute_hand_color: "black"
dial_color: "#FFFFFF00"
date_background_color: "black"
date_color: "white"
frameless: True
always_on_top: False
tool: True

window:
  x: -200 
  y: -200 
  width: 200 
  height: 200
