window:
  frameless: True
  always_on_top: True
  tool: True

  x: -200 
  y: -200 
  width: 200 
  height: 200

colors:
  background: "none"
  hour_mark: "black"
  minute_mark: "black"
  second_hand: "red"
  hour_hand: "black"
  minute_hand: "black"
  dial: "none"
  date_background: "black"
  date: "white"
  date_font: "Courier New"
