hour_mark_color: "#000000"
minute_mark_color: "#000000"
second_hand_color: "#FF0000"
hour_hand_color: "#000000"
minute_hand_color: "#000000"
dial_color: "#FFFFFF00"
date_background_color: "#000000"
date_color: "#FFFFFF"
always_on_top: True
tool: True

window:
  x: -200 
  y: -200 
  width: 200 
  height: 200
